
Microsoft Visual Studio Solution File, Format Version 12.00
# Visual Studio Version 16
VisualStudioVersion = 16.0.30717.126
MinimumVisualStudioVersion = 10.0.40219.1
Project("{FAE04EC0-301F-11D3-BF4B-00C04F79EFBC}") = "TestApp", "TestApp\TestApp.csproj", "{B133CBC7-CE24-43E0-A285-61EA130BE68A}"
EndProject
Global
	GlobalSection(SolutionConfigurationPlatforms) = preSolution
		Debug|Any CPU = Debug|Any CPU
		Release|Any CPU = Release|Any CPU
	EndGlobalSection
	GlobalSection(ProjectConfigurationPlatforms) = postSolution
		{B133CBC7-CE24-43E0-A285-61EA130BE68A}.Debug|Any CPU.ActiveCfg = Debug|Any CPU
		{B133CBC7-CE24-43E0-A285-61EA130BE68A}.Debug|Any CPU.Build.0 = Debug|Any CPU
		{B133CBC7-CE24-43E0-A285-61EA130BE68A}.Release|Any CPU.ActiveCfg = Release|Any CPU
		{B133CBC7-CE24-43E0-A285-61EA130BE68A}.Release|Any CPU.Build.0 = Release|Any CPU
	EndGlobalSection
	GlobalSection(SolutionProperties) = preSolution
		HideSolutionNode = FALSE
	EndGlobalSection
	GlobalSection(ExtensibilityGlobals) = postSolution
		SolutionGuid = {A885A811-90B2-4A8D-BE1B-BBBCB7526C9D}
	EndGlobalSection
EndGlobal
